// !$*UTF8*$!
{
	archiveVersion = 1;
	classes = {
	};
	objectVersion = 50;
	objects = {

/* Begin PBXBuildFile section */
		D1DAF7D0258C74DC004F1A6F /* AppDelegate.swift in Sources */ = {isa = PBXBuildFile; fileRef = D1DAF7CF258C74DC004F1A6F /* AppDelegate.swift */; };
		D1DAF7D2258C74DC004F1A6F /* SceneDelegate.swift in Sources */ = {isa = PBXBuildFile; fileRef = D1DAF7D1258C74DC004F1A6F /* SceneDelegate.swift */; };
		D1DAF7D4258C74DC004F1A6F /* ViewController.swift in Sources */ = {isa = PBXBuildFile; fileRef = D1DAF7D3258C74DC004F1A6F /* ViewController.swift */; };
		D1DAF7D7258C74DC004F1A6F /* Main.storyboard in Resources */ = {isa = PBXBuildFile; fileRef = D1DAF7D5258C74DC004F1A6F /* Main.storyboard */; };
		D1DAF7DA258C74DC004F1A6F /* TriviaApp.xcdatamodeld in Sources */ = {isa = PBXBuildFile; fileRef = D1DAF7D8258C74DC004F1A6F /* TriviaApp.xcdatamodeld */; };
		D1DAF7DC258C74DF004F1A6F /* Assets.xcassets in Resources */ = {isa = PBXBuildFile; fileRef = D1DAF7DB258C74DF004F1A6F /* Assets.xcassets */; };
		D1DAF7DF258C74DF004F1A6F /* LaunchScreen.storyboard in Resources */ = {isa = PBXBuildFile; fileRef = D1DAF7DD258C74DF004F1A6F /* LaunchScreen.storyboard */; };
		D1DAF7EA258C74DF004F1A6F /* TriviaAppTests.swift in Sources */ = {isa = PBXBuildFile; fileRef = D1DAF7E9258C74DF004F1A6F /* TriviaAppTests.swift */; };
		D1DAF7F5258C74DF004F1A6F /* TriviaAppUITests.swift in Sources */ = {isa = PBXBuildFile; fileRef = D1DAF7F4258C74DF004F1A6F /* TriviaAppUITests.swift */; };
/* End PBXBuildFile section */

/* Begin PBXContainerItemProxy section */
		D1DAF7E6258C74DF004F1A6F /* PBXContainerItemProxy */ = {
			isa = PBXContainerItemProxy;
			containerPortal = D1DAF7C4258C74DC004F1A6F /* Project object */;
			proxyType = 1;
			remoteGlobalIDString = D1DAF7CB258C74DC004F1A6F;
			remoteInfo = TriviaApp;
		};
		D1DAF7F1258C74DF004F1A6F /* PBXContainerItemProxy */ = {
			isa = PBXContainerItemProxy;
			containerPortal = D1DAF7C4258C74DC004F1A6F /* Project object */;
			proxyType = 1;
			remoteGlobalIDString = D1DAF7CB258C74DC004F1A6F;
			remoteInfo = TriviaApp;
		};
/* End PBXContainerItemProxy section */

/* Begin PBXFileReference section */
		D1DAF7CC258C74DC004F1A6F /* TriviaApp.app */ = {isa = PBXFileReference; explicitFileType = wrapper.application; includeInIndex = 0; path = TriviaApp.app; sourceTree = BUILT_PRODUCTS_DIR; };
		D1DAF7CF258C74DC004F1A6F /* AppDelegate.swift */ = {isa = PBXFileReference; lastKnownFileType = sourcecode.swift; path = AppDelegate.swift; sourceTree = "<group>"; };
		D1DAF7D1258C74DC004F1A6F /* SceneDelegate.swift */ = {isa = PBXFileReference; lastKnownFileType = sourcecode.swift; path = SceneDelegate.swift; sourceTree = "<group>"; };
		D1DAF7D3258C74DC004F1A6F /* ViewController.swift */ = {isa = PBXFileReference; lastKnownFileType = sourcecode.swift; path = ViewController.swift; sourceTree = "<group>"; };
		D1DAF7D6258C74DC004F1A6F /* Base */ = {isa = PBXFileReference; lastKnownFileType = file.storyboard; name = Base; path = Base.lproj/Main.storyboard; sourceTree = "<group>"; };
		D1DAF7D9258C74DC004F1A6F /* TriviaApp.xcdatamodel */ = {isa = PBXFileReference; lastKnownFileType = wrapper.xcdatamodel; path = TriviaApp.xcdatamodel; sourceTree = "<group>"; };
		D1DAF7DB258C74DF004F1A6F /* Assets.xcassets */ = {isa = PBXFileReference; lastKnownFileType = folder.assetcatalog; path = Assets.xcassets; sourceTree = "<group>"; };
		D1DAF7DE258C74DF004F1A6F /* Base */ = {isa = PBXFileReference; lastKnownFileType = file.storyboard; name = Base; path = Base.lproj/LaunchScreen.storyboard; sourceTree = "<group>"; };
		D1DAF7E0258C74DF004F1A6F /* Info.plist */ = {isa = PBXFileReference; lastKnownFileType = text.plist.xml; path = Info.plist; sourceTree = "<group>"; };
		D1DAF7E5258C74DF004F1A6F /* TriviaAppTests.xctest */ = {isa = PBXFileReference; explicitFileType = wrapper.cfbundle; includeInIndex = 0; path = TriviaAppTests.xctest; sourceTree = BUILT_PRODUCTS_DIR; };
		D1DAF7E9258C74DF004F1A6F /* TriviaAppTests.swift */ = {isa = PBXFileReference; lastKnownFileType = sourcecode.swift; path = TriviaAppTests.swift; sourceTree = "<group>"; };
		D1DAF7EB258C74DF004F1A6F /* Info.plist */ = {isa = PBXFileReference; lastKnownFileType = text.plist.xml; path = Info.plist; sourceTree = "<group>"; };
		D1DAF7F0258C74DF004F1A6F /* TriviaAppUITests.xctest */ = {isa = PBXFileReference; explicitFileType = wrapper.cfbundle; includeInIndex = 0; path = TriviaAppUITests.xctest; sourceTree = BUILT_PRODUCTS_DIR; };
		D1DAF7F4258C74DF004F1A6F /* TriviaAppUITests.swift */ = {isa = PBXFileReference; lastKnownFileType = sourcecode.swift; path = TriviaAppUITests.swift; sourceTree = "<group>"; };
		D1DAF7F6258C74DF004F1A6F /* Info.plist */ = {isa = PBXFileReference; lastKnownFileType = text.plist.xml; path = Info.plist; sourceTree = "<group>"; };
/* End PBXFileReference section */

/* Begin PBXFrameworksBuildPhase section */
		D1DAF7C9258C74DC004F1A6F /* Frameworks */ = {
			isa = PBXFrameworksBuildPhase;
			buildActionMask = 2147483647;
			files = (
			);
			runOnlyForDeploymentPostprocessing = 0;
		};
		D1DAF7E2258C74DF004F1A6F /* Frameworks */ = {
			isa = PBXFrameworksBuildPhase;
			buildActionMask = 2147483647;
			files = (
			);
			runOnlyForDeploymentPostprocessing = 0;
		};
		D1DAF7ED258C74DF004F1A6F /* Frameworks */ = {
			isa = PBXFrameworksBuildPhase;
			buildActionMask = 2147483647;
			files = (
			);
			runOnlyForDeploymentPostprocessing = 0;
		};
/* End PBXFrameworksBuildPhase section */

/* Begin PBXGroup section */
		D1DAF7C3258C74DC004F1A6F = {
			isa = PBXGroup;
			children = (
				D1DAF7CE258C74DC004F1A6F /* TriviaApp */,
				D1DAF7E8258C74DF004F1A6F /* TriviaAppTests */,
				D1DAF7F3258C74DF004F1A6F /* TriviaAppUITests */,
				D1DAF7CD258C74DC004F1A6F /* Products */,
			);
			sourceTree = "<group>";
		};
		D1DAF7CD258C74DC004F1A6F /* Products */ = {
			isa = PBXGroup;
			children = (
				D1DAF7CC258C74DC004F1A6F /* TriviaApp.app */,
				D1DAF7E5258C74DF004F1A6F /* TriviaAppTests.xctest */,
				D1DAF7F0258C74DF004F1A6F /* TriviaAppUITests.xctest */,
			);
			name = Products;
			sourceTree = "<group>";
		};
		D1DAF7CE258C74DC004F1A6F /* TriviaApp */ = {
			isa = PBXGroup;
			children = (
				D1DAF7CF258C74DC004F1A6F /* AppDelegate.swift */,
				D1DAF7D1258C74DC004F1A6F /* SceneDelegate.swift */,
				D1DAF7D3258C74DC004F1A6F /* ViewController.swift */,
				D1DAF7D5258C74DC004F1A6F /* Main.storyboard */,
				D1DAF7DB258C74DF004F1A6F /* Assets.xcassets */,
				D1DAF7DD258C74DF004F1A6F /* LaunchScreen.storyboard */,
				D1DAF7E0258C74DF004F1A6F /* Info.plist */,
				D1DAF7D8258C74DC004F1A6F /* TriviaApp.xcdatamodeld */,
			);
			path = TriviaApp;
			sourceTree = "<group>";
		};
		D1DAF7E8258C74DF004F1A6F /* TriviaAppTests */ = {
			isa = PBXGroup;
			children = (
				D1DAF7E9258C74DF004F1A6F /* TriviaAppTests.swift */,
				D1DAF7EB258C74DF004F1A6F /* Info.plist */,
			);
			path = TriviaAppTests;
			sourceTree = "<group>";
		};
		D1DAF7F3258C74DF004F1A6F /* TriviaAppUITests */ = {
			isa = PBXGroup;
			children = (
				D1DAF7F4258C74DF004F1A6F /* TriviaAppUITests.swift */,
				D1DAF7F6258C74DF004F1A6F /* Info.plist */,
			);
			path = TriviaAppUITests;
			sourceTree = "<group>";
		};
/* End PBXGroup section */

/* Begin PBXNativeTarget section */
		D1DAF7CB258C74DC004F1A6F /* TriviaApp */ = {
			isa = PBXNativeTarget;
			buildConfigurationList = D1DAF7F9258C74DF004F1A6F /* Build configuration list for PBXNativeTarget "TriviaApp" */;
			buildPhases = (
				D1DAF7C8258C74DC004F1A6F /* Sources */,
				D1DAF7C9258C74DC004F1A6F /* Frameworks */,
				D1DAF7CA258C74DC004F1A6F /* Resources */,
			);
			buildRules = (
			);
			dependencies = (
			);
			name = TriviaApp;
			productName = TriviaApp;
			productReference = D1DAF7CC258C74DC004F1A6F /* TriviaApp.app */;
			productType = "com.apple.product-type.application";
		};
		D1DAF7E4258C74DF004F1A6F /* TriviaAppTests */ = {
			isa = PBXNativeTarget;
			buildConfigurationList = D1DAF7FC258C74DF004F1A6F /* Build configuration list for PBXNativeTarget "TriviaAppTests" */;
			buildPhases = (
				D1DAF7E1258C74DF004F1A6F /* Sources */,
				D1DAF7E2258C74DF004F1A6F /* Frameworks */,
				D1DAF7E3258C74DF004F1A6F /* Resources */,
			);
			buildRules = (
			);
			dependencies = (
				D1DAF7E7258C74DF004F1A6F /* PBXTargetDependency */,
			);
			name = TriviaAppTests;
			productName = TriviaAppTests;
			productReference = D1DAF7E5258C74DF004F1A6F /* TriviaAppTests.xctest */;
			productType = "com.apple.product-type.bundle.unit-test";
		};
		D1DAF7EF258C74DF004F1A6F /* TriviaAppUITests */ = {
			isa = PBXNativeTarget;
			buildConfigurationList = D1DAF7FF258C74DF004F1A6F /* Build configuration list for PBXNativeTarget "TriviaAppUITests" */;
			buildPhases = (
				D1DAF7EC258C74DF004F1A6F /* Sources */,
				D1DAF7ED258C74DF004F1A6F /* Frameworks */,
				D1DAF7EE258C74DF004F1A6F /* Resources */,
			);
			buildRules = (
			);
			dependencies = (
				D1DAF7F2258C74DF004F1A6F /* PBXTargetDependency */,
			);
			name = TriviaAppUITests;
			productName = TriviaAppUITests;
			productReference = D1DAF7F0258C74DF004F1A6F /* TriviaAppUITests.xctest */;
			productType = "com.apple.product-type.bundle.ui-testing";
		};
/* End PBXNativeTarget section */

/* Begin PBXProject section */
		D1DAF7C4258C74DC004F1A6F /* Project object */ = {
			isa = PBXProject;
			attributes = {
				LastSwiftUpdateCheck = 1150;
				LastUpgradeCheck = 1150;
				ORGANIZATIONNAME = "Arpit Garg";
				TargetAttributes = {
					D1DAF7CB258C74DC004F1A6F = {
						CreatedOnToolsVersion = 11.5;
					};
					D1DAF7E4258C74DF004F1A6F = {
						CreatedOnToolsVersion = 11.5;
						TestTargetID = D1DAF7CB258C74DC004F1A6F;
					};
					D1DAF7EF258C74DF004F1A6F = {
						CreatedOnToolsVersion = 11.5;
						TestTargetID = D1DAF7CB258C74DC004F1A6F;
					};
				};
			};
			buildConfigurationList = D1DAF7C7258C74DC004F1A6F /* Build configuration list for PBXProject "TriviaApp" */;
			compatibilityVersion = "Xcode 9.3";
			developmentRegion = en;
			hasScannedForEncodings = 0;
			knownRegions = (
				en,
				Base,
			);
			mainGroup = D1DAF7C3258C74DC004F1A6F;
			productRefGroup = D1DAF7CD258C74DC004F1A6F /* Products */;
			projectDirPath = "";
			projectRoot = "";
			targets = (
				D1DAF7CB258C74DC004F1A6F /* TriviaApp */,
				D1DAF7E4258C74DF004F1A6F /* TriviaAppTests */,
				D1DAF7EF258C74DF004F1A6F /* TriviaAppUITests */,
			);
		};
/* End PBXProject section */

/* Begin PBXResourcesBuildPhase section */
		D1DAF7CA258C74DC004F1A6F /* Resources */ = {
			isa = PBXResourcesBuildPhase;
			buildActionMask = 2147483647;
			files = (
				D1DAF7DF258C74DF004F1A6F /* LaunchScreen.storyboard in Resources */,
				D1DAF7DC258C74DF004F1A6F /* Assets.xcassets in Resources */,
				D1DAF7D7258C74DC004F1A6F /* Main.storyboard in Resources */,
			);
			runOnlyForDeploymentPostprocessing = 0;
		};
		D1DAF7E3258C74DF004F1A6F /* Resources */ = {
			isa = PBXResourcesBuildPhase;
			buildActionMask = 2147483647;
			files = (
			);
			runOnlyForDeploymentPostprocessing = 0;
		};
		D1DAF7EE258C74DF004F1A6F /* Resources */ = {
			isa = PBXResourcesBuildPhase;
			buildActionMask = 2147483647;
			files = (
			);
			runOnlyForDeploymentPostprocessing = 0;
		};
/* End PBXResourcesBuildPhase section */

/* Begin PBXSourcesBuildPhase section */
		D1DAF7C8258C74DC004F1A6F /* Sources */ = {
			isa = PBXSourcesBuildPhase;
			buildActionMask = 2147483647;
			files = (
				D1DAF7D4258C74DC004F1A6F /* ViewController.swift in Sources */,
				D1DAF7D0258C74DC004F1A6F /* AppDelegate.swift in Sources */,
				D1DAF7DA258C74DC004F1A6F /* TriviaApp.xcdatamodeld in Sources */,
				D1DAF7D2258C74DC004F1A6F /* SceneDelegate.swift in Sources */,
			);
			runOnlyForDeploymentPostprocessing = 0;
		};
		D1DAF7E1258C74DF004F1A6F /* Sources */ = {
			isa = PBXSourcesBuildPhase;
			buildActionMask = 2147483647;
			files = (
				D1DAF7EA258C74DF004F1A6F /* TriviaAppTests.swift in Sources */,
			);
			runOnlyForDeploymentPostprocessing = 0;
		};
		D1DAF7EC258C74DF004F1A6F /* Sources */ = {
			isa = PBXSourcesBuildPhase;
			buildActionMask = 2147483647;
			files = (
				D1DAF7F5258C74DF004F1A6F /* TriviaAppUITests.swift in Sources */,
			);
			runOnlyForDeploymentPostprocessing = 0;
		};
/* End PBXSourcesBuildPhase section */

/* Begin PBXTargetDependency section */
		D1DAF7E7258C74DF004F1A6F /* PBXTargetDependency */ = {
			isa = PBXTargetDependency;
			target = D1DAF7CB258C74DC004F1A6F /* TriviaApp */;
			targetProxy = D1DAF7E6258C74DF004F1A6F /* PBXContainerItemProxy */;
		};
		D1DAF7F2258C74DF004F1A6F /* PBXTargetDependency */ = {
			isa = PBXTargetDependency;
			target = D1DAF7CB258C74DC004F1A6F /* TriviaApp */;
			targetProxy = D1DAF7F1258C74DF004F1A6F /* PBXContainerItemProxy */;
		};
/* End PBXTargetDependency section */

/* Begin PBXVariantGroup section */
		D1DAF7D5258C74DC004F1A6F /* Main.storyboard */ = {
			isa = PBXVariantGroup;
			children = (
				D1DAF7D6258C74DC004F1A6F /* Base */,
			);
			name = Main.storyboard;
			sourceTree = "<group>";
		};
		D1DAF7DD258C74DF004F1A6F /* LaunchScreen.storyboard */ = {
			isa = PBXVariantGroup;
			children = (
				D1DAF7DE258C74DF004F1A6F /* Base */,
			);
			name = LaunchScreen.storyboard;
			sourceTree = "<group>";
		};
/* End PBXVariantGroup section */

/* Begin XCBuildConfiguration section */
		D1DAF7F7258C74DF004F1A6F /* Debug */ = {
			isa = XCBuildConfiguration;
			buildSettings = {
				ALWAYS_SEARCH_USER_PATHS = NO;
				CLANG_ANALYZER_NONNULL = YES;
				CLANG_ANALYZER_NUMBER_OBJECT_CONVERSION = YES_AGGRESSIVE;
				CLANG_CXX_LANGUAGE_STANDARD = "gnu++14";
				CLANG_CXX_LIBRARY = "libc++";
				CLANG_ENABLE_MODULES = YES;
				CLANG_ENABLE_OBJC_ARC = YES;
				CLANG_ENABLE_OBJC_WEAK = YES;
				CLANG_WARN_BLOCK_CAPTURE_AUTORELEASING = YES;
				CLANG_WARN_BOOL_CONVERSION = YES;
				CLANG_WARN_COMMA = YES;
				CLANG_WARN_CONSTANT_CONVERSION = YES;
				CLANG_WARN_DEPRECATED_OBJC_IMPLEMENTATIONS = YES;
				CLANG_WARN_DIRECT_OBJC_ISA_USAGE = YES_ERROR;
				CLANG_WARN_DOCUMENTATION_COMMENTS = YES;
				CLANG_WARN_EMPTY_BODY = YES;
				CLANG_WARN_ENUM_CONVERSION = YES;
				CLANG_WARN_INFINITE_RECURSION = YES;
				CLANG_WARN_INT_CONVERSION = YES;
				CLANG_WARN_NON_LITERAL_NULL_CONVERSION = YES;
				CLANG_WARN_OBJC_IMPLICIT_RETAIN_SELF = YES;
				CLANG_WARN_OBJC_LITERAL_CONVERSION = YES;
				CLANG_WARN_OBJC_ROOT_CLASS = YES_ERROR;
				CLANG_WARN_RANGE_LOOP_ANALYSIS = YES;
				CLANG_WARN_STRICT_PROTOTYPES = YES;
				CLANG_WARN_SUSPICIOUS_MOVE = YES;
				CLANG_WARN_UNGUARDED_AVAILABILITY = YES_AGGRESSIVE;
				CLANG_WARN_UNREACHABLE_CODE = YES;
				CLANG_WARN__DUPLICATE_METHOD_MATCH = YES;
				COPY_PHASE_STRIP = NO;
				DEBUG_INFORMATION_FORMAT = dwarf;
				ENABLE_STRICT_OBJC_MSGSEND = YES;
				ENABLE_TESTABILITY = YES;
				GCC_C_LANGUAGE_STANDARD = gnu11;
				GCC_DYNAMIC_NO_PIC = NO;
				GCC_NO_COMMON_BLOCKS = YES;
				GCC_OPTIMIZATION_LEVEL = 0;
				GCC_PREPROCESSOR_DEFINITIONS = (
					"DEBUG=1",
					"$(inherited)",
				);
				GCC_WARN_64_TO_32_BIT_CONVERSION = YES;
				GCC_WARN_ABOUT_RETURN_TYPE = YES_ERROR;
				GCC_WARN_UNDECLARED_SELECTOR = YES;
				GCC_WARN_UNINITIALIZED_AUTOS = YES_AGGRESSIVE;
				GCC_WARN_UNUSED_FUNCTION = YES;
				GCC_WARN_UNUSED_VARIABLE = YES;
				IPHONEOS_DEPLOYMENT_TARGET = 13.5;
				MTL_ENABLE_DEBUG_INFO = INCLUDE_SOURCE;
				MTL_FAST_MATH = YES;
				ONLY_ACTIVE_ARCH = YES;
				SDKROOT = iphoneos;
				SWIFT_ACTIVE_COMPILATION_CONDITIONS = DEBUG;
				SWIFT_OPTIMIZATION_LEVEL = "-Onone";
			};
			name = Debug;
		};
		D1DAF7F8258C74DF004F1A6F /* Release */ = {
			isa = XCBuildConfiguration;
			buildSettings = {
				ALWAYS_SEARCH_USER_PATHS = NO;
				CLANG_ANALYZER_NONNULL = YES;
				CLANG_ANALYZER_NUMBER_OBJECT_CONVERSION = YES_AGGRESSIVE;
				CLANG_CXX_LANGUAGE_STANDARD = "gnu++14";
				CLANG_CXX_LIBRARY = "libc++";
				CLANG_ENABLE_MODULES = YES;
				CLANG_ENABLE_OBJC_ARC = YES;
				CLANG_ENABLE_OBJC_WEAK = YES;
				CLANG_WARN_BLOCK_CAPTURE_AUTORELEASING = YES;
				CLANG_WARN_BOOL_CONVERSION = YES;
				CLANG_WARN_COMMA = YES;
				CLANG_WARN_CONSTANT_CONVERSION = YES;
				CLANG_WARN_DEPRECATED_OBJC_IMPLEMENTATIONS = YES;
				CLANG_WARN_DIRECT_OBJC_ISA_USAGE = YES_ERROR;
				CLANG_WARN_DOCUMENTATION_COMMENTS = YES;
				CLANG_WARN_EMPTY_BODY = YES;
				CLANG_WARN_ENUM_CONVERSION = YES;
				CLANG_WARN_INFINITE_RECURSION = YES;
				CLANG_WARN_INT_CONVERSION = YES;
				CLANG_WARN_NON_LITERAL_NULL_CONVERSION = YES;
				CLANG_WARN_OBJC_IMPLICIT_RETAIN_SELF = YES;
				CLANG_WARN_OBJC_LITERAL_CONVERSION = YES;
				CLANG_WARN_OBJC_ROOT_CLASS = YES_ERROR;
				CLANG_WARN_RANGE_LOOP_ANALYSIS = YES;
				CLANG_WARN_STRICT_PROTOTYPES = YES;
				CLANG_WARN_SUSPICIOUS_MOVE = YES;
				CLANG_WARN_UNGUARDED_AVAILABILITY = YES_AGGRESSIVE;
				CLANG_WARN_UNREACHABLE_CODE = YES;
				CLANG_WARN__DUPLICATE_METHOD_MATCH = YES;
				COPY_PHASE_STRIP = NO;
				DEBUG_INFORMATION_FORMAT = "dwarf-with-dsym";
				ENABLE_NS_ASSERTIONS = NO;
				ENABLE_STRICT_OBJC_MSGSEND = YES;
				GCC_C_LANGUAGE_STANDARD = gnu11;
				GCC_NO_COMMON_BLOCKS = YES;
				GCC_WARN_64_TO_32_BIT_CONVERSION = YES;
				GCC_WARN_ABOUT_RETURN_TYPE = YES_ERROR;
				GCC_WARN_UNDECLARED_SELECTOR = YES;
				GCC_WARN_UNINITIALIZED_AUTOS = YES_AGGRESSIVE;
				GCC_WARN_UNUSED_FUNCTION = YES;
				GCC_WARN_UNUSED_VARIABLE = YES;
				IPHONEOS_DEPLOYMENT_TARGET = 13.5;
				MTL_ENABLE_DEBUG_INFO = NO;
				MTL_FAST_MATH = YES;
				SDKROOT = iphoneos;
				SWIFT_COMPILATION_MODE = wholemodule;
				SWIFT_OPTIMIZATION_LEVEL = "-O";
				VALIDATE_PRODUCT = YES;
			};
			name = Release;
		};
		D1DAF7FA258C74DF004F1A6F /* Debug */ = {
			isa = XCBuildConfiguration;
			buildSettings = {
				ASSETCATALOG_COMPILER_APPICON_NAME = AppIcon;
				CODE_SIGN_STYLE = Automatic;
				DEVELOPMENT_TEAM = ZQWYP9SQPH;
				INFOPLIST_FILE = TriviaApp/Info.plist;
				LD_RUNPATH_SEARCH_PATHS = (
					"$(inherited)",
					"@executable_path/Frameworks",
				);
				PRODUCT_BUNDLE_IDENTIFIER = com.arpit.TriviaApp.TriviaApp;
				PRODUCT_NAME = "$(TARGET_NAME)";
				SWIFT_VERSION = 5.0;
				TARGETED_DEVICE_FAMILY = "1,2";
			};
			name = Debug;
		};
		D1DAF7FB258C74DF004F1A6F /* Release */ = {
			isa = XCBuildConfiguration;
			buildSettings = {
				ASSETCATALOG_COMPILER_APPICON_NAME = AppIcon;
				CODE_SIGN_STYLE = Automatic;
				DEVELOPMENT_TEAM = ZQWYP9SQPH;
				INFOPLIST_FILE = TriviaApp/Info.plist;
				LD_RUNPATH_SEARCH_PATHS = (
					"$(inherited)",
					"@executable_path/Frameworks",
				);
				PRODUCT_BUNDLE_IDENTIFIER = com.arpit.TriviaApp.TriviaApp;
				PRODUCT_NAME = "$(TARGET_NAME)";
				SWIFT_VERSION = 5.0;
				TARGETED_DEVICE_FAMILY = "1,2";
			};
			name = Release;
		};
		D1DAF7FD258C74DF004F1A6F /* Debug */ = {
			isa = XCBuildConfiguration;
			buildSettings = {
				ALWAYS_EMBED_SWIFT_STANDARD_LIBRARIES = YES;
				BUNDLE_LOADER = "$(TEST_HOST)";
				CODE_SIGN_STYLE = Automatic;
				DEVELOPMENT_TEAM = ZQWYP9SQPH;
				INFOPLIST_FILE = TriviaAppTests/Info.plist;
				IPHONEOS_DEPLOYMENT_TARGET = 13.5;
				LD_RUNPATH_SEARCH_PATHS = (
					"$(inherited)",
					"@executable_path/Frameworks",
					"@loader_path/Frameworks",
				);
				PRODUCT_BUNDLE_IDENTIFIER = com.arpit.TriviaApp.TriviaAppTests;
				PRODUCT_NAME = "$(TARGET_NAME)";
				SWIFT_VERSION = 5.0;
				TARGETED_DEVICE_FAMILY = "1,2";
				TEST_HOST = "$(BUILT_PRODUCTS_DIR)/TriviaApp.app/TriviaApp";
			};
			name = Debug;
		};
		D1DAF7FE258C74DF004F1A6F /* Release */ = {
			isa = XCBuildConfiguration;
			buildSettings = {
				ALWAYS_EMBED_SWIFT_STANDARD_LIBRARIES = YES;
				BUNDLE_LOADER = "$(TEST_HOST)";
				CODE_SIGN_STYLE = Automatic;
				DEVELOPMENT_TEAM = ZQWYP9SQPH;
				INFOPLIST_FILE = TriviaAppTests/Info.plist;
				IPHONEOS_DEPLOYMENT_TARGET = 13.5;
				LD_RUNPATH_SEARCH_PATHS = (
					"$(inherited)",
					"@executable_path/Frameworks",
					"@loader_path/Frameworks",
				);
				PRODUCT_BUNDLE_IDENTIFIER = com.arpit.TriviaApp.TriviaAppTests;
				PRODUCT_NAME = "$(TARGET_NAME)";
				SWIFT_VERSION = 5.0;
				TARGETED_DEVICE_FAMILY = "1,2";
				TEST_HOST = "$(BUILT_PRODUCTS_DIR)/TriviaApp.app/TriviaApp";
			};
			name = Release;
		};
		D1DAF800258C74DF004F1A6F /* Debug */ = {
			isa = XCBuildConfiguration;
			buildSettings = {
				ALWAYS_EMBED_SWIFT_STANDARD_LIBRARIES = YES;
				CODE_SIGN_STYLE = Automatic;
				DEVELOPMENT_TEAM = ZQWYP9SQPH;
				INFOPLIST_FILE = TriviaAppUITests/Info.plist;
				LD_RUNPATH_SEARCH_PATHS = (
					"$(inherited)",
					"@executable_path/Frameworks",
					"@loader_path/Frameworks",
				);
				PRODUCT_BUNDLE_IDENTIFIER = com.arpit.TriviaApp.TriviaAppUITests;
				PRODUCT_NAME = "$(TARGET_NAME)";
				SWIFT_VERSION = 5.0;
				TARGETED_DEVICE_FAMILY = "1,2";
				TEST_TARGET_NAME = TriviaApp;
			};
			name = Debug;
		};
		D1DAF801258C74DF004F1A6F /* Release */ = {
			isa = XCBuildConfiguration;
			buildSettings = {
				ALWAYS_EMBED_SWIFT_STANDARD_LIBRARIES = YES;
				CODE_SIGN_STYLE = Automatic;
				DEVELOPMENT_TEAM = ZQWYP9SQPH;
				INFOPLIST_FILE = TriviaAppUITests/Info.plist;
				LD_RUNPATH_SEARCH_PATHS = (
					"$(inherited)",
					"@executable_path/Frameworks",
					"@loader_path/Frameworks",
				);
				PRODUCT_BUNDLE_IDENTIFIER = com.arpit.TriviaApp.TriviaAppUITests;
				PRODUCT_NAME = "$(TARGET_NAME)";
				SWIFT_VERSION = 5.0;
				TARGETED_DEVICE_FAMILY = "1,2";
				TEST_TARGET_NAME = TriviaApp;
			};
			name = Release;
		};
/* End XCBuildConfiguration section */

/* Begin XCConfigurationList section */
		D1DAF7C7258C74DC004F1A6F /* Build configuration list for PBXProject "TriviaApp" */ = {
			isa = XCConfigurationList;
			buildConfigurations = (
				D1DAF7F7258C74DF004F1A6F /* Debug */,
				D1DAF7F8258C74DF004F1A6F /* Release */,
			);
			defaultConfigurationIsVisible = 0;
			defaultConfigurationName = Release;
		};
		D1DAF7F9258C74DF004F1A6F /* Build configuration list for PBXNativeTarget "TriviaApp" */ = {
			isa = XCConfigurationList;
			buildConfigurations = (
				D1DAF7FA258C74DF004F1A6F /* Debug */,
				D1DAF7FB258C74DF004F1A6F /* Release */,
			);
			defaultConfigurationIsVisible = 0;
			defaultConfigurationName = Release;
		};
		D1DAF7FC258C74DF004F1A6F /* Build configuration list for PBXNativeTarget "TriviaAppTests" */ = {
			isa = XCConfigurationList;
			buildConfigurations = (
				D1DAF7FD258C74DF004F1A6F /* Debug */,
				D1DAF7FE258C74DF004F1A6F /* Release */,
			);
			defaultConfigurationIsVisible = 0;
			defaultConfigurationName = Release;
		};
		D1DAF7FF258C74DF004F1A6F /* Build configuration list for PBXNativeTarget "TriviaAppUITests" */ = {
			isa = XCConfigurationList;
			buildConfigurations = (
				D1DAF800258C74DF004F1A6F /* Debug */,
				D1DAF801258C74DF004F1A6F /* Release */,
			);
			defaultConfigurationIsVisible = 0;
			defaultConfigurationName = Release;
		};
/* End XCConfigurationList section */

/* Begin XCVersionGroup section */
		D1DAF7D8258C74DC004F1A6F /* TriviaApp.xcdatamodeld */ = {
			isa = XCVersionGroup;
			children = (
				D1DAF7D9258C74DC004F1A6F /* TriviaApp.xcdatamodel */,
			);
			currentVersion = D1DAF7D9258C74DC004F1A6F /* TriviaApp.xcdatamodel */;
			path = TriviaApp.xcdatamodeld;
			sourceTree = "<group>";
			versionGroupType = wrapper.xcdatamodel;
		};
/* End XCVersionGroup section */
	};
	rootObject = D1DAF7C4258C74DC004F1A6F /* Project object */;
}
